
Microsoft Visual Studio Solution File, Format Version 12.00
# Visual Studio Version 16
VisualStudioVersion = 16.0.29613.14
MinimumVisualStudioVersion = 10.0.40219.1
Project("{FAE04EC0-301F-11D3-BF4B-00C04F79EFBC}") = "Space Invaders Style Game MOO ICT", "Space Invaders Style Game MOO ICT\Space Invaders Style Game MOO ICT.csproj", "{480E8F60-D37A-46C7-A257-6342EF9C8984}"
EndProject
Global
	GlobalSection(SolutionConfigurationPlatforms) = preSolution
		Debug|Any CPU = Debug|Any CPU
		Release|Any CPU = Release|Any CPU
	EndGlobalSection
	GlobalSection(ProjectConfigurationPlatforms) = postSolution
		{480E8F60-D37A-46C7-A257-6342EF9C8984}.Debug|Any CPU.ActiveCfg = Debug|Any CPU
		{480E8F60-D37A-46C7-A257-6342EF9C8984}.Debug|Any CPU.Build.0 = Debug|Any CPU
		{480E8F60-D37A-46C7-A257-6342EF9C8984}.Release|Any CPU.ActiveCfg = Release|Any CPU
		{480E8F60-D37A-46C7-A257-6342EF9C8984}.Release|Any CPU.Build.0 = Release|Any CPU
	EndGlobalSection
	GlobalSection(SolutionProperties) = preSolution
		HideSolutionNode = FALSE
	EndGlobalSection
	GlobalSection(ExtensibilityGlobals) = postSolution
		SolutionGuid = {345C1C44-7646-4AA4-AC19-04CB9F24D26A}
	EndGlobalSection
EndGlobal
